
Microsoft Visual Studio Solution File, Format Version 12.00
# Visual Studio Version 17
VisualStudioVersion = 17.11.35219.272
MinimumVisualStudioVersion = 10.0.40219.1
Project("{9A19103F-16F7-4668-BE54-9A1E7A4F7556}") = "Edam.Net", "C:\prjs\Edam.Libraries\Edam.Common\Edam.Net\Edam.Net.csproj", "{935A9445-9C43-4BDB-87A1-34A834105CA1}"
EndProject
Project("{FAE04EC0-301F-11D3-BF4B-00C04F79EFBC}") = "Edam.Common", "C:\prjs\Edam.Libraries\Edam.Common\Edam.Common\Edam.Common.csproj", "{8A0D0F2E-8101-4756-A11C-A375075E5B8B}"
EndProject
Project("{FAE04EC0-301F-11D3-BF4B-00C04F79EFBC}") = "Edam.Test.NetHtml.Support", "Testing\Edam.Test.NetHtml.Support\Edam.Test.NetHtml.Support.csproj", "{64872D8F-937B-402B-BEB5-7CCB14F263BB}"
EndProject
Project("{2150E333-8FDC-42A3-9474-1A3956D46DE8}") = "Testing", "Testing", "{02EA681E-C7D8-13C7-8484-4AC65E1B71E8}"
EndProject
Global
	GlobalSection(SolutionConfigurationPlatforms) = preSolution
		Debug|Any CPU = Debug|Any CPU
		Release|Any CPU = Release|Any CPU
	EndGlobalSection
	GlobalSection(ProjectConfigurationPlatforms) = postSolution
		{935A9445-9C43-4BDB-87A1-34A834105CA1}.Debug|Any CPU.ActiveCfg = Debug|Any CPU
		{935A9445-9C43-4BDB-87A1-34A834105CA1}.Debug|Any CPU.Build.0 = Debug|Any CPU
		{935A9445-9C43-4BDB-87A1-34A834105CA1}.Release|Any CPU.ActiveCfg = Release|Any CPU
		{935A9445-9C43-4BDB-87A1-34A834105CA1}.Release|Any CPU.Build.0 = Release|Any CPU
		{8A0D0F2E-8101-4756-A11C-A375075E5B8B}.Debug|Any CPU.ActiveCfg = Debug|Any CPU
		{8A0D0F2E-8101-4756-A11C-A375075E5B8B}.Debug|Any CPU.Build.0 = Debug|Any CPU
		{8A0D0F2E-8101-4756-A11C-A375075E5B8B}.Release|Any CPU.ActiveCfg = Release|Any CPU
		{8A0D0F2E-8101-4756-A11C-A375075E5B8B}.Release|Any CPU.Build.0 = Release|Any CPU
		{64872D8F-937B-402B-BEB5-7CCB14F263BB}.Debug|Any CPU.ActiveCfg = Debug|Any CPU
		{64872D8F-937B-402B-BEB5-7CCB14F263BB}.Debug|Any CPU.Build.0 = Debug|Any CPU
		{64872D8F-937B-402B-BEB5-7CCB14F263BB}.Release|Any CPU.ActiveCfg = Release|Any CPU
		{64872D8F-937B-402B-BEB5-7CCB14F263BB}.Release|Any CPU.Build.0 = Release|Any CPU
	EndGlobalSection
	GlobalSection(SolutionProperties) = preSolution
		HideSolutionNode = FALSE
	EndGlobalSection
	GlobalSection(NestedProjects) = preSolution
		{64872D8F-937B-402B-BEB5-7CCB14F263BB} = {02EA681E-C7D8-13C7-8484-4AC65E1B71E8}
	EndGlobalSection
	GlobalSection(ExtensibilityGlobals) = postSolution
		SolutionGuid = {B1A20F8D-17E9-425F-A3FA-EA77DD3FA9A2}
	EndGlobalSection
EndGlobal
